
Microsoft Visual Studio Solution File, Format Version 12.00
# Visual Studio Version 17
VisualStudioVersion = 17.14.36616.10
MinimumVisualStudioVersion = 10.0.40219.1
Project("{8BC9CEB8-8B4A-11D0-8D11-00A0C91BC942}") = "MultiMousePlugin", "MultiMousePlugin\MultiMousePlugin.vcxproj", "{77924A5C-93C1-43E6-93F0-5FE4FCDC67E5}"
EndProject
Project("{8BC9CEB8-8B4A-11D0-8D11-00A0C91BC942}") = "MultiMouseTest", "..\MultiMouseTest\MultiMouseTest.vcxproj", "{E022E17D-BC6B-4E4B-8995-ADEE3478D000}"
	ProjectSection(ProjectDependencies) = postProject
		{1E0226EC-C807-4CCB-9A6F-92C280935AF1} = {1E0226EC-C807-4CCB-9A6F-92C280935AF1}
		{77924A5C-93C1-43E6-93F0-5FE4FCDC67E5} = {77924A5C-93C1-43E6-93F0-5FE4FCDC67E5}
	EndProjectSection
EndProject
Project("{8BC9CEB8-8B4A-11D0-8D11-00A0C91BC942}") = "MultiMouseCore", "..\MultiMouseCore\MultiMouseCore.vcxproj", "{1E0226EC-C807-4CCB-9A6F-92C280935AF1}"
EndProject
Global
	GlobalSection(SolutionConfigurationPlatforms) = preSolution
		Debug|x64 = Debug|x64
		Debug|x86 = Debug|x86
		Release|x64 = Release|x64
		Release|x86 = Release|x86
	EndGlobalSection
	GlobalSection(ProjectConfigurationPlatforms) = postSolution
		{77924A5C-93C1-43E6-93F0-5FE4FCDC67E5}.Debug|x64.ActiveCfg = Debug|x64
		{77924A5C-93C1-43E6-93F0-5FE4FCDC67E5}.Debug|x64.Build.0 = Debug|x64
		{77924A5C-93C1-43E6-93F0-5FE4FCDC67E5}.Debug|x86.ActiveCfg = Debug|Win32
		{77924A5C-93C1-43E6-93F0-5FE4FCDC67E5}.Debug|x86.Build.0 = Debug|Win32
		{77924A5C-93C1-43E6-93F0-5FE4FCDC67E5}.Release|x64.ActiveCfg = Release|x64
		{77924A5C-93C1-43E6-93F0-5FE4FCDC67E5}.Release|x64.Build.0 = Release|x64
		{77924A5C-93C1-43E6-93F0-5FE4FCDC67E5}.Release|x86.ActiveCfg = Release|Win32
		{77924A5C-93C1-43E6-93F0-5FE4FCDC67E5}.Release|x86.Build.0 = Release|Win32
		{E022E17D-BC6B-4E4B-8995-ADEE3478D000}.Debug|x64.ActiveCfg = Debug|x64
		{E022E17D-BC6B-4E4B-8995-ADEE3478D000}.Debug|x64.Build.0 = Debug|x64
		{E022E17D-BC6B-4E4B-8995-ADEE3478D000}.Debug|x86.ActiveCfg = Debug|Win32
		{E022E17D-BC6B-4E4B-8995-ADEE3478D000}.Debug|x86.Build.0 = Debug|Win32
		{E022E17D-BC6B-4E4B-8995-ADEE3478D000}.Release|x64.ActiveCfg = Release|x64
		{E022E17D-BC6B-4E4B-8995-ADEE3478D000}.Release|x64.Build.0 = Release|x64
		{E022E17D-BC6B-4E4B-8995-ADEE3478D000}.Release|x86.ActiveCfg = Release|Win32
		{E022E17D-BC6B-4E4B-8995-ADEE3478D000}.Release|x86.Build.0 = Release|Win32
		{1E0226EC-C807-4CCB-9A6F-92C280935AF1}.Debug|x64.ActiveCfg = Debug|x64
		{1E0226EC-C807-4CCB-9A6F-92C280935AF1}.Debug|x64.Build.0 = Debug|x64
		{1E0226EC-C807-4CCB-9A6F-92C280935AF1}.Debug|x86.ActiveCfg = Debug|Win32
		{1E0226EC-C807-4CCB-9A6F-92C280935AF1}.Debug|x86.Build.0 = Debug|Win32
		{1E0226EC-C807-4CCB-9A6F-92C280935AF1}.Release|x64.ActiveCfg = Release|x64
		{1E0226EC-C807-4CCB-9A6F-92C280935AF1}.Release|x64.Build.0 = Release|x64
		{1E0226EC-C807-4CCB-9A6F-92C280935AF1}.Release|x86.ActiveCfg = Release|Win32
		{1E0226EC-C807-4CCB-9A6F-92C280935AF1}.Release|x86.Build.0 = Release|Win32
	EndGlobalSection
	GlobalSection(SolutionProperties) = preSolution
		HideSolutionNode = FALSE
	EndGlobalSection
	GlobalSection(ExtensibilityGlobals) = postSolution
		SolutionGuid = {AC9A5946-0D18-4470-93CF-06C95F20EA8C}
	EndGlobalSection
EndGlobal
